
Microsoft Visual Studio Solution File, Format Version 12.00
# Visual Studio Version 16
VisualStudioVersion = 16.0.32602.291
MinimumVisualStudioVersion = 10.0.40219.1
Project("{FAE04EC0-301F-11D3-BF4B-00C04F79EFBC}") = "TutorialSynth", "TutorialSynth\TutorialSynth.csproj", "{49F19DDD-5A89-4EA3-BD4E-F03890838F48}"
EndProject
Global
	GlobalSection(SolutionConfigurationPlatforms) = preSolution
		Debug|Any CPU = Debug|Any CPU
		Release|Any CPU = Release|Any CPU
	EndGlobalSection
	GlobalSection(ProjectConfigurationPlatforms) = postSolution
		{49F19DDD-5A89-4EA3-BD4E-F03890838F48}.Debug|Any CPU.ActiveCfg = Debug|Any CPU
		{49F19DDD-5A89-4EA3-BD4E-F03890838F48}.Debug|Any CPU.Build.0 = Debug|Any CPU
		{49F19DDD-5A89-4EA3-BD4E-F03890838F48}.Release|Any CPU.ActiveCfg = Release|Any CPU
		{49F19DDD-5A89-4EA3-BD4E-F03890838F48}.Release|Any CPU.Build.0 = Release|Any CPU
	EndGlobalSection
	GlobalSection(SolutionProperties) = preSolution
		HideSolutionNode = FALSE
	EndGlobalSection
	GlobalSection(ExtensibilityGlobals) = postSolution
		SolutionGuid = {DDCF7750-04DC-46CC-9D79-5D7E51FD0C42}
	EndGlobalSection
EndGlobal
